
Microsoft Visual Studio Solution File, Format Version 12.00
# Visual Studio 15
VisualStudioVersion = 15.0.26430.14
MinimumVisualStudioVersion = 10.0.40219.1
Project("{FAE04EC0-301F-11D3-BF4B-00C04F79EFBC}") = "FizzBuzz", "src\FizzBuzz\FizzBuzz.csproj", "{0BC96B37-7975-445E-802B-1064E5158445}"
EndProject
Project("{FAE04EC0-301F-11D3-BF4B-00C04F79EFBC}") = "FizzBuzzConsole", "src\FizzBuzzConsole\FizzBuzzConsole.csproj", "{A85D50D1-459F-4EA5-AFA1-454BA7722948}"
EndProject
Project("{FAE04EC0-301F-11D3-BF4B-00C04F79EFBC}") = "FizzBuzzTests", "tests\FizzBuzzTests\FizzBuzzTests.csproj", "{D3894550-8621-45B4-BA24-01C772DBD4BF}"
EndProject
Global
	GlobalSection(SolutionConfigurationPlatforms) = preSolution
		Debug|Any CPU = Debug|Any CPU
		Release|Any CPU = Release|Any CPU
	EndGlobalSection
	GlobalSection(ProjectConfigurationPlatforms) = postSolution
		{0BC96B37-7975-445E-802B-1064E5158445}.Debug|Any CPU.ActiveCfg = Debug|Any CPU
		{0BC96B37-7975-445E-802B-1064E5158445}.Debug|Any CPU.Build.0 = Debug|Any CPU
		{0BC96B37-7975-445E-802B-1064E5158445}.Release|Any CPU.ActiveCfg = Release|Any CPU
		{0BC96B37-7975-445E-802B-1064E5158445}.Release|Any CPU.Build.0 = Release|Any CPU
		{A85D50D1-459F-4EA5-AFA1-454BA7722948}.Debug|Any CPU.ActiveCfg = Debug|Any CPU
		{A85D50D1-459F-4EA5-AFA1-454BA7722948}.Debug|Any CPU.Build.0 = Debug|Any CPU
		{A85D50D1-459F-4EA5-AFA1-454BA7722948}.Release|Any CPU.ActiveCfg = Release|Any CPU
		{A85D50D1-459F-4EA5-AFA1-454BA7722948}.Release|Any CPU.Build.0 = Release|Any CPU
		{D3894550-8621-45B4-BA24-01C772DBD4BF}.Debug|Any CPU.ActiveCfg = Debug|Any CPU
		{D3894550-8621-45B4-BA24-01C772DBD4BF}.Debug|Any CPU.Build.0 = Debug|Any CPU
		{D3894550-8621-45B4-BA24-01C772DBD4BF}.Release|Any CPU.ActiveCfg = Release|Any CPU
		{D3894550-8621-45B4-BA24-01C772DBD4BF}.Release|Any CPU.Build.0 = Release|Any CPU
	EndGlobalSection
	GlobalSection(SolutionProperties) = preSolution
		HideSolutionNode = FALSE
	EndGlobalSection
EndGlobal
