
Microsoft Visual Studio Solution File, Format Version 12.00
# Visual Studio 15
VisualStudioVersion = 15.0.26430.15
MinimumVisualStudioVersion = 10.0.40219.1
Project("{FAE04EC0-301F-11D3-BF4B-00C04F79EFBC}") = "FizzBuzzConsole", "FizzBuzzConsole\FizzBuzzConsole.csproj", "{A85D50D1-459F-4EA5-AFA1-454BA7722948}"
EndProject
Project("{FAE04EC0-301F-11D3-BF4B-00C04F79EFBC}") = "UnitTests", "UnitTests\UnitTests.csproj", "{D3894550-8621-45B4-BA24-01C772DBD4BF}"
EndProject
Project("{2150E333-8FDC-42A3-9474-1A3956D46DE8}") = "Solution Items", "Solution Items", "{39F4DC78-232C-433F-8AEA-89FCCA9011E6}"
	ProjectSection(SolutionItems) = preProject
		..\appveyor.yml = ..\appveyor.yml
		..\build.bat = ..\build.bat
		..\ci.bat = ..\ci.bat
		..\click_to_build.bat = ..\click_to_build.bat
		..\default.ps1 = ..\default.ps1
		..\open.bat = ..\open.bat
	EndProjectSection
EndProject
Project("{FAE04EC0-301F-11D3-BF4B-00C04F79EFBC}") = "FizzBuzz", "FizzBuzz\FizzBuzz.csproj", "{B14D10FE-C3D1-4466-8706-1DE17BF92F0A}"
EndProject
Global
	GlobalSection(SolutionConfigurationPlatforms) = preSolution
		Debug|Any CPU = Debug|Any CPU
		Release|Any CPU = Release|Any CPU
	EndGlobalSection
	GlobalSection(ProjectConfigurationPlatforms) = postSolution
		{A85D50D1-459F-4EA5-AFA1-454BA7722948}.Debug|Any CPU.ActiveCfg = Debug|Any CPU
		{A85D50D1-459F-4EA5-AFA1-454BA7722948}.Debug|Any CPU.Build.0 = Debug|Any CPU
		{A85D50D1-459F-4EA5-AFA1-454BA7722948}.Release|Any CPU.ActiveCfg = Release|Any CPU
		{A85D50D1-459F-4EA5-AFA1-454BA7722948}.Release|Any CPU.Build.0 = Release|Any CPU
		{D3894550-8621-45B4-BA24-01C772DBD4BF}.Debug|Any CPU.ActiveCfg = Debug|Any CPU
		{D3894550-8621-45B4-BA24-01C772DBD4BF}.Debug|Any CPU.Build.0 = Debug|Any CPU
		{D3894550-8621-45B4-BA24-01C772DBD4BF}.Release|Any CPU.ActiveCfg = Release|Any CPU
		{D3894550-8621-45B4-BA24-01C772DBD4BF}.Release|Any CPU.Build.0 = Release|Any CPU
		{B14D10FE-C3D1-4466-8706-1DE17BF92F0A}.Debug|Any CPU.ActiveCfg = Debug|Any CPU
		{B14D10FE-C3D1-4466-8706-1DE17BF92F0A}.Debug|Any CPU.Build.0 = Debug|Any CPU
		{B14D10FE-C3D1-4466-8706-1DE17BF92F0A}.Release|Any CPU.ActiveCfg = Release|Any CPU
		{B14D10FE-C3D1-4466-8706-1DE17BF92F0A}.Release|Any CPU.Build.0 = Release|Any CPU
	EndGlobalSection
	GlobalSection(SolutionProperties) = preSolution
		HideSolutionNode = FALSE
	EndGlobalSection
EndGlobal
